Microsoft Visual Studio Solution File, Format Version 12.00
# Visual Studio Version 17
VisualStudioVersion = 17.5.2.0
MinimumVisualStudioVersion = 10.0.40219.1
Project("{FAE04EC0-301F-11D3-BF4B-00C04F79EFBC}") = "05.Compression", "05.Compression.csproj", "{A7A85B68-9222-C8AA-9D5B-2DCA7497F7BF}"
EndProject
Global
	GlobalSection(SolutionConfigurationPlatforms) = preSolution
		Debug|Any CPU = Debug|Any CPU
		Release|Any CPU = Release|Any CPU
	EndGlobalSection
	GlobalSection(ProjectConfigurationPlatforms) = postSolution
		{A7A85B68-9222-C8AA-9D5B-2DCA7497F7BF}.Debug|Any CPU.ActiveCfg = Debug|Any CPU
		{A7A85B68-9222-C8AA-9D5B-2DCA7497F7BF}.Debug|Any CPU.Build.0 = Debug|Any CPU
		{A7A85B68-9222-C8AA-9D5B-2DCA7497F7BF}.Release|Any CPU.ActiveCfg = Release|Any CPU
		{A7A85B68-9222-C8AA-9D5B-2DCA7497F7BF}.Release|Any CPU.Build.0 = Release|Any CPU
	EndGlobalSection
	GlobalSection(SolutionProperties) = preSolution
		HideSolutionNode = FALSE
	EndGlobalSection
	GlobalSection(ExtensibilityGlobals) = postSolution
		SolutionGuid = {4680D7CE-1925-45D0-ACA6-EEC94C21C19D}
	EndGlobalSection
EndGlobal
