
Microsoft Visual Studio Solution File, Format Version 12.00
# Visual Studio Version 17
VisualStudioVersion = 17.0.31903.59
MinimumVisualStudioVersion = 10.0.40219.1
Project("{FAE04EC0-301F-11D3-BF4B-00C04F79EFBC}") = "Server", "Server\Server.csproj", "{6CCFA5AC-D5C1-4912-9C36-CD2A192D7044}"
EndProject
Project("{FAE04EC0-301F-11D3-BF4B-00C04F79EFBC}") = "Client", "Client\Client.csproj", "{2E4AA7E0-1B23-473E-AEB3-B9C65D526227}"
EndProject
Project("{FAE04EC0-301F-11D3-BF4B-00C04F79EFBC}") = "Shared", "Shared\Shared.csproj", "{EC89472A-D88C-4322-B5AD-1DAA2BB723B6}"
EndProject
Global
	GlobalSection(SolutionProperties) = preSolution
		HideSolutionNode = FALSE
	EndGlobalSection
	GlobalSection(SolutionConfigurationPlatforms) = preSolution
		Debug|Any CPU = Debug|Any CPU
		Debug|x64 = Debug|x64
		Debug|x86 = Debug|x86
		Release|Any CPU = Release|Any CPU
		Release|x64 = Release|x64
		Release|x86 = Release|x86
	EndGlobalSection
	GlobalSection(ProjectConfigurationPlatforms) = postSolution
		{6CCFA5AC-D5C1-4912-9C36-CD2A192D7044}.Debug|Any CPU.ActiveCfg = Debug|Any CPU
		{6CCFA5AC-D5C1-4912-9C36-CD2A192D7044}.Debug|Any CPU.Build.0 = Debug|Any CPU
		{6CCFA5AC-D5C1-4912-9C36-CD2A192D7044}.Debug|x64.ActiveCfg = Debug|Any CPU
		{6CCFA5AC-D5C1-4912-9C36-CD2A192D7044}.Debug|x64.Build.0 = Debug|Any CPU
		{6CCFA5AC-D5C1-4912-9C36-CD2A192D7044}.Debug|x86.ActiveCfg = Debug|Any CPU
		{6CCFA5AC-D5C1-4912-9C36-CD2A192D7044}.Debug|x86.Build.0 = Debug|Any CPU
		{6CCFA5AC-D5C1-4912-9C36-CD2A192D7044}.Release|Any CPU.ActiveCfg = Release|Any CPU
		{6CCFA5AC-D5C1-4912-9C36-CD2A192D7044}.Release|Any CPU.Build.0 = Release|Any CPU
		{6CCFA5AC-D5C1-4912-9C36-CD2A192D7044}.Release|x64.ActiveCfg = Release|Any CPU
		{6CCFA5AC-D5C1-4912-9C36-CD2A192D7044}.Release|x64.Build.0 = Release|Any CPU
		{6CCFA5AC-D5C1-4912-9C36-CD2A192D7044}.Release|x86.ActiveCfg = Release|Any CPU
		{6CCFA5AC-D5C1-4912-9C36-CD2A192D7044}.Release|x86.Build.0 = Release|Any CPU
		{2E4AA7E0-1B23-473E-AEB3-B9C65D526227}.Debug|Any CPU.ActiveCfg = Debug|Any CPU
		{2E4AA7E0-1B23-473E-AEB3-B9C65D526227}.Debug|Any CPU.Build.0 = Debug|Any CPU
		{2E4AA7E0-1B23-473E-AEB3-B9C65D526227}.Debug|x64.ActiveCfg = Debug|Any CPU
		{2E4AA7E0-1B23-473E-AEB3-B9C65D526227}.Debug|x64.Build.0 = Debug|Any CPU
		{2E4AA7E0-1B23-473E-AEB3-B9C65D526227}.Debug|x86.ActiveCfg = Debug|Any CPU
		{2E4AA7E0-1B23-473E-AEB3-B9C65D526227}.Debug|x86.Build.0 = Debug|Any CPU
		{2E4AA7E0-1B23-473E-AEB3-B9C65D526227}.Release|Any CPU.ActiveCfg = Release|Any CPU
		{2E4AA7E0-1B23-473E-AEB3-B9C65D526227}.Release|Any CPU.Build.0 = Release|Any CPU
		{2E4AA7E0-1B23-473E-AEB3-B9C65D526227}.Release|x64.ActiveCfg = Release|Any CPU
		{2E4AA7E0-1B23-473E-AEB3-B9C65D526227}.Release|x64.Build.0 = Release|Any CPU
		{2E4AA7E0-1B23-473E-AEB3-B9C65D526227}.Release|x86.ActiveCfg = Release|Any CPU
		{2E4AA7E0-1B23-473E-AEB3-B9C65D526227}.Release|x86.Build.0 = Release|Any CPU
		{EC89472A-D88C-4322-B5AD-1DAA2BB723B6}.Debug|Any CPU.ActiveCfg = Debug|Any CPU
		{EC89472A-D88C-4322-B5AD-1DAA2BB723B6}.Debug|Any CPU.Build.0 = Debug|Any CPU
		{EC89472A-D88C-4322-B5AD-1DAA2BB723B6}.Debug|x64.ActiveCfg = Debug|Any CPU
		{EC89472A-D88C-4322-B5AD-1DAA2BB723B6}.Debug|x64.Build.0 = Debug|Any CPU
		{EC89472A-D88C-4322-B5AD-1DAA2BB723B6}.Debug|x86.ActiveCfg = Debug|Any CPU
		{EC89472A-D88C-4322-B5AD-1DAA2BB723B6}.Debug|x86.Build.0 = Debug|Any CPU
		{EC89472A-D88C-4322-B5AD-1DAA2BB723B6}.Release|Any CPU.ActiveCfg = Release|Any CPU
		{EC89472A-D88C-4322-B5AD-1DAA2BB723B6}.Release|Any CPU.Build.0 = Release|Any CPU
		{EC89472A-D88C-4322-B5AD-1DAA2BB723B6}.Release|x64.ActiveCfg = Release|Any CPU
		{EC89472A-D88C-4322-B5AD-1DAA2BB723B6}.Release|x64.Build.0 = Release|Any CPU
		{EC89472A-D88C-4322-B5AD-1DAA2BB723B6}.Release|x86.ActiveCfg = Release|Any CPU
		{EC89472A-D88C-4322-B5AD-1DAA2BB723B6}.Release|x86.Build.0 = Release|Any CPU
	EndGlobalSection
EndGlobal
